// !$*UTF8*$!
{
	archiveVersion = 1;
	classes = {
	};
	objectVersion = 46;
	objects = {

/* Begin PBXBuildFile section */
		908C4ADB1CBC12AA004F6B9D /* cross.png in Resources */ = {isa = PBXBuildFile; fileRef = 908C4ADA1CBC12AA004F6B9D /* cross.png */; };
		9091CE951BAD98DA00B94215 /* AppDelegate.swift in Sources */ = {isa = PBXBuildFile; fileRef = 9091CE941BAD98DA00B94215 /* AppDelegate.swift */; };
		9091CE971BAD98DA00B94215 /* ViewController.swift in Sources */ = {isa = PBXBuildFile; fileRef = 9091CE961BAD98DA00B94215 /* ViewController.swift */; };
		9091CE9A1BAD98DA00B94215 /* Main.storyboard in Resources */ = {isa = PBXBuildFile; fileRef = 9091CE981BAD98DA00B94215 /* Main.storyboard */; };
		9091CE9C1BAD98DA00B94215 /* Assets.xcassets in Resources */ = {isa = PBXBuildFile; fileRef = 9091CE9B1BAD98DA00B94215 /* Assets.xcassets */; };
		9091CE9F1BAD98DA00B94215 /* LaunchScreen.storyboard in Resources */ = {isa = PBXBuildFile; fileRef = 9091CE9D1BAD98DA00B94215 /* LaunchScreen.storyboard */; };
/* End PBXBuildFile section */

/* Begin PBXFileReference section */
		908C4ADA1CBC12AA004F6B9D /* cross.png */ = {isa = PBXFileReference; lastKnownFileType = image.png; path = cross.png; sourceTree = "<group>"; };
		9091CE911BAD98DA00B94215 /* ForcedTouchBsp.app */ = {isa = PBXFileReference; explicitFileType = wrapper.application; includeInIndex = 0; path = ForcedTouchBsp.app; sourceTree = BUILT_PRODUCTS_DIR; };
		9091CE941BAD98DA00B94215 /* AppDelegate.swift */ = {isa = PBXFileReference; lastKnownFileType = sourcecode.swift; path = AppDelegate.swift; sourceTree = "<group>"; };
		9091CE961BAD98DA00B94215 /* ViewController.swift */ = {isa = PBXFileReference; lastKnownFileType = sourcecode.swift; path = ViewController.swift; sourceTree = "<group>"; };
		9091CE991BAD98DA00B94215 /* Base */ = {isa = PBXFileReference; lastKnownFileType = file.storyboard; name = Base; path = Base.lproj/Main.storyboard; sourceTree = "<group>"; };
		9091CE9B1BAD98DA00B94215 /* Assets.xcassets */ = {isa = PBXFileReference; lastKnownFileType = folder.assetcatalog; path = Assets.xcassets; sourceTree = "<group>"; };
		9091CE9E1BAD98DA00B94215 /* Base */ = {isa = PBXFileReference; lastKnownFileType = file.storyboard; name = Base; path = Base.lproj/LaunchScreen.storyboard; sourceTree = "<group>"; };
		9091CEA01BAD98DA00B94215 /* Info.plist */ = {isa = PBXFileReference; lastKnownFileType = text.plist.xml; path = Info.plist; sourceTree = "<group>"; };
/* End PBXFileReference section */

/* Begin PBXFrameworksBuildPhase section */
		9091CE8E1BAD98DA00B94215 /* Frameworks */ = {
			isa = PBXFrameworksBuildPhase;
			buildActionMask = 2147483647;
			files = (
			);
			runOnlyForDeploymentPostprocessing = 0;
		};
/* End PBXFrameworksBuildPhase section */

/* Begin PBXGroup section */
		9091CE881BAD98DA00B94215 = {
			isa = PBXGroup;
			children = (
				9091CE931BAD98DA00B94215 /* ForcedTouchBsp */,
				9091CE921BAD98DA00B94215 /* Products */,
			);
			sourceTree = "<group>";
		};
		9091CE921BAD98DA00B94215 /* Products */ = {
			isa = PBXGroup;
			children = (
				9091CE911BAD98DA00B94215 /* ForcedTouchBsp.app */,
			);
			name = Products;
			sourceTree = "<group>";
		};
		9091CE931BAD98DA00B94215 /* ForcedTouchBsp */ = {
			isa = PBXGroup;
			children = (
				9091CE941BAD98DA00B94215 /* AppDelegate.swift */,
				9091CE961BAD98DA00B94215 /* ViewController.swift */,
				9091CE981BAD98DA00B94215 /* Main.storyboard */,
				9091CE9B1BAD98DA00B94215 /* Assets.xcassets */,
				9091CE9D1BAD98DA00B94215 /* LaunchScreen.storyboard */,
				9091CEA01BAD98DA00B94215 /* Info.plist */,
				908C4ADA1CBC12AA004F6B9D /* cross.png */,
			);
			path = ForcedTouchBsp;
			sourceTree = "<group>";
		};
/* End PBXGroup section */

/* Begin PBXNativeTarget section */
		9091CE901BAD98DA00B94215 /* ForcedTouchBsp */ = {
			isa = PBXNativeTarget;
			buildConfigurationList = 9091CEA31BAD98DA00B94215 /* Build configuration list for PBXNativeTarget "ForcedTouchBsp" */;
			buildPhases = (
				9091CE8D1BAD98DA00B94215 /* Sources */,
				9091CE8E1BAD98DA00B94215 /* Frameworks */,
				9091CE8F1BAD98DA00B94215 /* Resources */,
			);
			buildRules = (
			);
			dependencies = (
			);
			name = ForcedTouchBsp;
			productName = ForcedTouchBsp;
			productReference = 9091CE911BAD98DA00B94215 /* ForcedTouchBsp.app */;
			productType = "com.apple.product-type.application";
		};
/* End PBXNativeTarget section */

/* Begin PBXProject section */
		9091CE891BAD98DA00B94215 /* Project object */ = {
			isa = PBXProject;
			attributes = {
				LastUpgradeCheck = 0800;
				ORGANIZATIONNAME = "Christian Bleske";
				TargetAttributes = {
					9091CE901BAD98DA00B94215 = {
						CreatedOnToolsVersion = 7.0;
						DevelopmentTeam = B688N957UZ;
						DevelopmentTeamName = "Christian Bleske";
						LastSwiftMigration = 0800;
					};
				};
			};
			buildConfigurationList = 9091CE8C1BAD98DA00B94215 /* Build configuration list for PBXProject "ForcedTouchBsp" */;
			compatibilityVersion = "Xcode 3.2";
			developmentRegion = English;
			hasScannedForEncodings = 0;
			knownRegions = (
				en,
				Base,
			);
			mainGroup = 9091CE881BAD98DA00B94215;
			productRefGroup = 9091CE921BAD98DA00B94215 /* Products */;
			projectDirPath = "";
			projectRoot = "";
			targets = (
				9091CE901BAD98DA00B94215 /* ForcedTouchBsp */,
			);
		};
/* End PBXProject section */

/* Begin PBXResourcesBuildPhase section */
		9091CE8F1BAD98DA00B94215 /* Resources */ = {
			isa = PBXResourcesBuildPhase;
			buildActionMask = 2147483647;
			files = (
				9091CE9F1BAD98DA00B94215 /* LaunchScreen.storyboard in Resources */,
				9091CE9C1BAD98DA00B94215 /* Assets.xcassets in Resources */,
				908C4ADB1CBC12AA004F6B9D /* cross.png in Resources */,
				9091CE9A1BAD98DA00B94215 /* Main.storyboard in Resources */,
			);
			runOnlyForDeploymentPostprocessing = 0;
		};
/* End PBXResourcesBuildPhase section */

/* Begin PBXSourcesBuildPhase section */
		9091CE8D1BAD98DA00B94215 /* Sources */ = {
			isa = PBXSourcesBuildPhase;
			buildActionMask = 2147483647;
			files = (
				9091CE971BAD98DA00B94215 /* ViewController.swift in Sources */,
				9091CE951BAD98DA00B94215 /* AppDelegate.swift in Sources */,
			);
			runOnlyForDeploymentPostprocessing = 0;
		};
/* End PBXSourcesBuildPhase section */

/* Begin PBXVariantGroup section */
		9091CE981BAD98DA00B94215 /* Main.storyboard */ = {
			isa = PBXVariantGroup;
			children = (
				9091CE991BAD98DA00B94215 /* Base */,
			);
			name = Main.storyboard;
			sourceTree = "<group>";
		};
		9091CE9D1BAD98DA00B94215 /* LaunchScreen.storyboard */ = {
			isa = PBXVariantGroup;
			children = (
				9091CE9E1BAD98DA00B94215 /* Base */,
			);
			name = LaunchScreen.storyboard;
			sourceTree = "<group>";
		};
/* End PBXVariantGroup section */

/* Begin XCBuildConfiguration section */
		9091CEA11BAD98DA00B94215 /* Debug */ = {
			isa = XCBuildConfiguration;
			buildSettings = {
				ALWAYS_SEARCH_USER_PATHS = NO;
				CLANG_CXX_LANGUAGE_STANDARD = "gnu++0x";
				CLANG_CXX_LIBRARY = "libc++";
				CLANG_ENABLE_MODULES = YES;
				CLANG_ENABLE_OBJC_ARC = YES;
				CLANG_WARN_BOOL_CONVERSION = YES;
				CLANG_WARN_CONSTANT_CONVERSION = YES;
				CLANG_WARN_DIRECT_OBJC_ISA_USAGE = YES_ERROR;
				CLANG_WARN_EMPTY_BODY = YES;
				CLANG_WARN_ENUM_CONVERSION = YES;
				CLANG_WARN_INT_CONVERSION = YES;
				CLANG_WARN_OBJC_ROOT_CLASS = YES_ERROR;
				CLANG_WARN_UNREACHABLE_CODE = YES;
				CLANG_WARN__DUPLICATE_METHOD_MATCH = YES;
				"CODE_SIGN_IDENTITY[sdk=iphoneos*]" = "iPhone Developer";
				COPY_PHASE_STRIP = NO;
				DEBUG_INFORMATION_FORMAT = dwarf;
				ENABLE_STRICT_OBJC_MSGSEND = YES;
				ENABLE_TESTABILITY = YES;
				GCC_C_LANGUAGE_STANDARD = gnu99;
				GCC_DYNAMIC_NO_PIC = NO;
				GCC_NO_COMMON_BLOCKS = YES;
				GCC_OPTIMIZATION_LEVEL = 0;
				GCC_PREPROCESSOR_DEFINITIONS = (
					"DEBUG=1",
					"$(inherited)",
				);
				GCC_WARN_64_TO_32_BIT_CONVERSION = YES;
				GCC_WARN_ABOUT_RETURN_TYPE = YES_ERROR;
				GCC_WARN_UNDECLARED_SELECTOR = YES;
				GCC_WARN_UNINITIALIZED_AUTOS = YES_AGGRESSIVE;
				GCC_WARN_UNUSED_FUNCTION = YES;
				GCC_WARN_UNUSED_VARIABLE = YES;
				IPHONEOS_DEPLOYMENT_TARGET = 9.0;
				MTL_ENABLE_DEBUG_INFO = YES;
				ONLY_ACTIVE_ARCH = YES;
				SDKROOT = iphoneos;
				SWIFT_OPTIMIZATION_LEVEL = "-Onone";
				TARGETED_DEVICE_FAMILY = "1,2";
			};
			name = Debug;
		};
		9091CEA21BAD98DA00B94215 /* Release */ = {
			isa = XCBuildConfiguration;
			buildSettings = {
				ALWAYS_SEARCH_USER_PATHS = NO;
				CLANG_CXX_LANGUAGE_STANDARD = "gnu++0x";
				CLANG_CXX_LIBRARY = "libc++";
				CLANG_ENABLE_MODULES = YES;
				CLANG_ENABLE_OBJC_ARC = YES;
				CLANG_WARN_BOOL_CONVERSION = YES;
				CLANG_WARN_CONSTANT_CONVERSION = YES;
				CLANG_WARN_DIRECT_OBJC_ISA_USAGE = YES_ERROR;
				CLANG_WARN_EMPTY_BODY = YES;
				CLANG_WARN_ENUM_CONVERSION = YES;
				CLANG_WARN_INT_CONVERSION = YES;
				CLANG_WARN_OBJC_ROOT_CLASS = YES_ERROR;
				CLANG_WARN_UNREACHABLE_CODE = YES;
				CLANG_WARN__DUPLICATE_METHOD_MATCH = YES;
				"CODE_SIGN_IDENTITY[sdk=iphoneos*]" = "iPhone Developer";
				COPY_PHASE_STRIP = NO;
				DEBUG_INFORMATION_FORMAT = "dwarf-with-dsym";
				ENABLE_NS_ASSERTIONS = NO;
				ENABLE_STRICT_OBJC_MSGSEND = YES;
				GCC_C_LANGUAGE_STANDARD = gnu99;
				GCC_NO_COMMON_BLOCKS = YES;
				GCC_WARN_64_TO_32_BIT_CONVERSION = YES;
				GCC_WARN_ABOUT_RETURN_TYPE = YES_ERROR;
				GCC_WARN_UNDECLARED_SELECTOR = YES;
				GCC_WARN_UNINITIALIZED_AUTOS = YES_AGGRESSIVE;
				GCC_WARN_UNUSED_FUNCTION = YES;
				GCC_WARN_UNUSED_VARIABLE = YES;
				IPHONEOS_DEPLOYMENT_TARGET = 9.0;
				MTL_ENABLE_DEBUG_INFO = NO;
				SDKROOT = iphoneos;
				TARGETED_DEVICE_FAMILY = "1,2";
				VALIDATE_PRODUCT = YES;
			};
			name = Release;
		};
		9091CEA41BAD98DA00B94215 /* Debug */ = {
			isa = XCBuildConfiguration;
			buildSettings = {
				ASSETCATALOG_COMPILER_APPICON_NAME = AppIcon;
				CODE_SIGN_IDENTITY = "iPhone Developer";
				"CODE_SIGN_IDENTITY[sdk=iphoneos*]" = "iPhone Developer";
				INFOPLIST_FILE = ForcedTouchBsp/Info.plist;
				IPHONEOS_DEPLOYMENT_TARGET = 9.3;
				LD_RUNPATH_SEARCH_PATHS = "$(inherited) @executable_path/Frameworks";
				PRODUCT_BUNDLE_IDENTIFIER = christian.bleske.ForcedTouchBsp;
				PRODUCT_NAME = "$(TARGET_NAME)";
				PROVISIONING_PROFILE = "";
				SWIFT_VERSION = 3.0;
				TARGETED_DEVICE_FAMILY = 1;
			};
			name = Debug;
		};
		9091CEA51BAD98DA00B94215 /* Release */ = {
			isa = XCBuildConfiguration;
			buildSettings = {
				ASSETCATALOG_COMPILER_APPICON_NAME = AppIcon;
				CODE_SIGN_IDENTITY = "iPhone Developer";
				"CODE_SIGN_IDENTITY[sdk=iphoneos*]" = "iPhone Developer";
				INFOPLIST_FILE = ForcedTouchBsp/Info.plist;
				IPHONEOS_DEPLOYMENT_TARGET = 9.3;
				LD_RUNPATH_SEARCH_PATHS = "$(inherited) @executable_path/Frameworks";
				PRODUCT_BUNDLE_IDENTIFIER = christian.bleske.ForcedTouchBsp;
				PRODUCT_NAME = "$(TARGET_NAME)";
				PROVISIONING_PROFILE = "";
				SWIFT_OPTIMIZATION_LEVEL = "-Owholemodule";
				SWIFT_VERSION = 3.0;
				TARGETED_DEVICE_FAMILY = 1;
			};
			name = Release;
		};
/* End XCBuildConfiguration section */

/* Begin XCConfigurationList section */
		9091CE8C1BAD98DA00B94215 /* Build configuration list for PBXProject "ForcedTouchBsp" */ = {
			isa = XCConfigurationList;
			buildConfigurations = (
				9091CEA11BAD98DA00B94215 /* Debug */,
				9091CEA21BAD98DA00B94215 /* Release */,
			);
			defaultConfigurationIsVisible = 0;
			defaultConfigurationName = Release;
		};
		9091CEA31BAD98DA00B94215 /* Build configuration list for PBXNativeTarget "ForcedTouchBsp" */ = {
			isa = XCConfigurationList;
			buildConfigurations = (
				9091CEA41BAD98DA00B94215 /* Debug */,
				9091CEA51BAD98DA00B94215 /* Release */,
			);
			defaultConfigurationIsVisible = 0;
			defaultConfigurationName = Release;
		};
/* End XCConfigurationList section */
	};
	rootObject = 9091CE891BAD98DA00B94215 /* Project object */;
}
